schema: '2.0'
stages:
  data_ingestion:
    cmd: "python -m src.pipeline.data_ingestion_pipeline --data-dir \"G:/Crop Diseases
      Dataset/Crop Diseases/Crop___Disease/Rice\" --artifacts-dir artifacts --split-file-name
      data_split.json --image-size 224 --batch-size 16 --val-split 0.2 --seed 42\n"
    deps:
    - path: G:/Crop Diseases Dataset/Crop Diseases/Crop___Disease/Rice
      hash: md5
      md5: 05546136b5286847af7215bcce8b6c41.dir
      size: 2105364423
      nfiles: 4078
    - path: requirements.txt
      hash: md5
      md5: 18ca83e20487a74712fa231d56a85287
      size: 66
    - path: src
      hash: md5
      md5: 72f22e3fd8c953fa15f36b35cce80179.dir
      size: 93059
      nfiles: 30
    - path: src/components/artifacts.py
      hash: md5
      md5: 2e18c041018104a08bcb3030ad0566a1
      size: 789
    - path: src/components/data_ingestion.py
      hash: md5
      md5: 314668f390b4e08c33579088ca4d0741
      size: 2427
    - path: src/pipeline/data_ingestion_pipeline.py
      hash: md5
      md5: e8a32ae05796b763e930599f80f1eb4b
      size: 2578
    outs:
    - path: artifacts/data_split.json
      hash: md5
      md5: 3e5ff9df41a9d678fd60c4ce2a3e8d36
      size: 44089
  train:
    cmd: "python -m src.pipeline.model_training_pipeline --split-file-path artifacts/data_split.json
      --output-model-path artifacts/rice_model.pth --epochs 30 --learning-rate 0.0001\n"
    deps:
    - path: artifacts/data_split.json
      hash: md5
      md5: 3e5ff9df41a9d678fd60c4ce2a3e8d36
      size: 44089
    - path: requirements.txt
      hash: md5
      md5: 18ca83e20487a74712fa231d56a85287
      size: 66
    - path: src
      hash: md5
      md5: 72f22e3fd8c953fa15f36b35cce80179.dir
      size: 93059
      nfiles: 30
    - path: src/components/artifacts.py
      hash: md5
      md5: 2e18c041018104a08bcb3030ad0566a1
      size: 789
    - path: src/components/model.py
      hash: md5
      md5: 9b00ba82acafe57925ac0268cd374924
      size: 764
    - path: src/components/trainer.py
      hash: md5
      md5: a6971fef889d8b6900a8b6bb987d552c
      size: 10390
    - path: src/pipeline/model_training_pipeline.py
      hash: md5
      md5: 731d1f04b8f6d115144535f983f3cb48
      size: 3563
    outs:
    - path: artifacts/metrics.json
      hash: md5
      md5: 26b2cfa260fee8be206f978633004cd0
      size: 173
    - path: artifacts/rice_model.pth
      hash: md5
      md5: 147594bc0cf2bb2d98fa0a51149ad949
      size: 16356070
