schema: '2.0'
stages:
  data_ingestion:
    cmd: "python -m src.pipeline.data_ingestion_pipeline --data-dir \"G:/Crop Diseases
      Dataset/Crop Diseases/Crop___Disease/Rice\" --artifacts-dir artifacts --split-file-name
      data_split.json --image-size 224 --batch-size 16 --val-split 0.2 --seed 42\n"
    deps:
    - path: G:/Crop Diseases Dataset/Crop Diseases/Crop___Disease/Rice
      hash: md5
      md5: 05546136b5286847af7215bcce8b6c41.dir
      size: 2105364423
      nfiles: 4078
    - path: requirements.txt
      hash: md5
      md5: 54923a48f087c5c519c47084df0221e9
      size: 185
    - path: src
      hash: md5
      md5: 43978310e50055594256cb8006482be4.dir
      size: 94442
      nfiles: 30
    - path: src/components/artifacts.py
      hash: md5
      md5: 2e18c041018104a08bcb3030ad0566a1
      size: 789
    - path: src/components/data_ingestion.py
      hash: md5
      md5: 314668f390b4e08c33579088ca4d0741
      size: 2427
    - path: src/pipeline/data_ingestion_pipeline.py
      hash: md5
      md5: e8a32ae05796b763e930599f80f1eb4b
      size: 2578
    outs:
    - path: artifacts/data_split.json
      hash: md5
      md5: 3e5ff9df41a9d678fd60c4ce2a3e8d36
      size: 44089
  train:
    cmd: "python -m src.pipeline.model_training_pipeline --split-file-path artifacts/data_split.json
      --output-model-path artifacts/rice_model.pth --epochs 30 --learning-rate 0.0001\n"
    deps:
    - path: artifacts/data_split.json
      hash: md5
      md5: 3e5ff9df41a9d678fd60c4ce2a3e8d36
      size: 44089
    - path: requirements.txt
      hash: md5
      md5: 54923a48f087c5c519c47084df0221e9
      size: 185
    - path: src
      hash: md5
      md5: 6d380586a103168277c9bba29465003f.dir
      size: 95389
      nfiles: 30
    - path: src/components/artifacts.py
      hash: md5
      md5: 2e18c041018104a08bcb3030ad0566a1
      size: 789
    - path: src/components/model.py
      hash: md5
      md5: 9b00ba82acafe57925ac0268cd374924
      size: 764
    - path: src/components/trainer.py
      hash: md5
      md5: dfbefe99d735bf8bad5231e3db20f108
      size: 10392
    - path: src/pipeline/model_training_pipeline.py
      hash: md5
      md5: a2c70e6fffeb7097084097707c118fac
      size: 4254
    outs:
    - path: artifacts/metrics.json
      hash: md5
      md5: 8e107dbc0077c4bbdbd151554bd1b341
      size: 172
    - path: artifacts/rice_model.pth
      hash: md5
      md5: 44a2c69ca2fd42340fdde09f60ef4e87
      size: 16356070
    - path: artifacts/rice_model_metadata.json
      hash: md5
      md5: a764953258906bc0c5edd464b0d605ab
      size: 248
