schema: '2.0'
stages:
  data_ingestion:
    cmd: "python -m src.pipeline.data_ingestion_pipeline --data-dir \"G:/Crop Diseases
      Dataset/Crop Diseases/Crop___Disease/Rice\" --artifacts-dir artifacts --split-file-name
      data_split.json --image-size 150 --batch-size 32 --val-split 0.2 --seed 42\n"
    deps:
    - path: G:/Crop Diseases Dataset/Crop Diseases/Crop___Disease/Rice
      hash: md5
      md5: 05546136b5286847af7215bcce8b6c41.dir
      size: 2105364423
      nfiles: 4078
    - path: requirements.txt
      hash: md5
      md5: 25de5e10af35ea65ab6170b59d3ecf88
      size: 48
    - path: src
      hash: md5
      md5: 722bbdb16e0a9e046e9f140ffa144602.dir
      size: 78253
      nfiles: 30
    - path: src/components/artifacts.py
      hash: md5
      md5: 2e18c041018104a08bcb3030ad0566a1
      size: 789
    - path: src/components/data_ingestion.py
      hash: md5
      md5: 314668f390b4e08c33579088ca4d0741
      size: 2427
    - path: src/pipeline/data_ingestion_pipeline.py
      hash: md5
      md5: 7a8ee0b76caa8282f5b746e81ce9f061
      size: 2578
    outs:
    - path: artifacts/data_split.json
      hash: md5
      md5: 6e7c4f589fdc30187223c69569243571
      size: 44089
  train:
    cmd: "python -m src.pipeline.model_training_pipeline --split-file-path artifacts/data_split.json
      --output-model-path artifacts/model.pth --epochs 25 --learning-rate 0.001\n"
    deps:
    - path: artifacts/data_split.json
      hash: md5
      md5: 6e7c4f589fdc30187223c69569243571
      size: 44089
    - path: requirements.txt
      hash: md5
      md5: 25de5e10af35ea65ab6170b59d3ecf88
      size: 48
    - path: src
      hash: md5
      md5: 722bbdb16e0a9e046e9f140ffa144602.dir
      size: 78253
      nfiles: 30
    - path: src/components/artifacts.py
      hash: md5
      md5: 2e18c041018104a08bcb3030ad0566a1
      size: 789
    - path: src/components/model.py
      hash: md5
      md5: 8a406e30f5d6887f743151e6bed844bf
      size: 1132
    - path: src/components/trainer.py
      hash: md5
      md5: cf844d6261b0f2ed8189ced768c7989d
      size: 6955
    - path: src/pipeline/model_training_pipeline.py
      hash: md5
      md5: f80319d8d1b995e423949f0d04d39779
      size: 2978
    outs:
    - path: artifacts/model.pth
      hash: md5
      md5: 8a63841f0b6f6d2bfbf51e3f5dc0f4da
      size: 512796
